
Microsoft Visual Studio Solution File, Format Version 12.00
Project("{FAE04EC0-301F-11D3-BF4B-00C04F79EFBC}") = "Entities.Testing", "Entities.Testing\Entities.Testing.csproj", "{D5273790-603C-493A-B0F2-537060B2B0AD}"
EndProject
Project("{FAE04EC0-301F-11D3-BF4B-00C04F79EFBC}") = "Entities", "Entities\Entities.csproj", "{899418AD-7A88-496B-BD4C-984166160962}"
EndProject
Project("{FAE04EC0-301F-11D3-BF4B-00C04F79EFBC}") = "UseCases", "UseCases\UseCases.csproj", "{A40DF0FD-D153-47F0-ACFF-19B7D336EDC4}"
EndProject
Project("{FAE04EC0-301F-11D3-BF4B-00C04F79EFBC}") = "Interactors", "Interactors\Interactors.csproj", "{8A6A9CFB-B817-4AC9-B224-47EAEB4BBACC}"
EndProject
Project("{FAE04EC0-301F-11D3-BF4B-00C04F79EFBC}") = "Interactors.Testing", "Interactors.Testing\Interactors.Testing.csproj", "{3E41BF04-41F7-4828-8745-D2195D083F72}"
EndProject
Project("{FAE04EC0-301F-11D3-BF4B-00C04F79EFBC}") = "Gateways", "Gateways\Gateways.csproj", "{137E9FB7-7B59-43A8-A468-642B764A8F0F}"
EndProject
Project("{FAE04EC0-301F-11D3-BF4B-00C04F79EFBC}") = "Presenters", "Presenters\Presenters.csproj", "{0BDBC3D9-7516-42CC-81B9-451C135C011E}"
EndProject
Project("{FAE04EC0-301F-11D3-BF4B-00C04F79EFBC}") = "Gateways.Testing", "Gateways.Testing\Gateways.Testing.csproj", "{9704DFD1-9E91-48D3-8C37-7F041774D4B1}"
EndProject
Project("{FAE04EC0-301F-11D3-BF4B-00C04F79EFBC}") = "Adapters", "Adapters\Adapters.csproj", "{F24FD885-F26D-4289-BCE3-1B6F4580212B}"
EndProject
Project("{FAE04EC0-301F-11D3-BF4B-00C04F79EFBC}") = "Utilities", "Utilities\Utilities.csproj", "{4FD1304C-3A26-4E35-BE5F-704F971D7944}"
EndProject
Project("{FAE04EC0-301F-11D3-BF4B-00C04F79EFBC}") = "UseCases.Testing", "UseCases.Testing\UseCases.Testing.csproj", "{36AC7BDE-75BF-4966-AA5F-2F56A2281702}"
EndProject
Project("{FAE04EC0-301F-11D3-BF4B-00C04F79EFBC}") = "Controllers", "Controllers\Controllers.csproj", "{AA9D1CA0-7567-42A9-812A-393513C428BC}"
EndProject
Project("{FAE04EC0-301F-11D3-BF4B-00C04F79EFBC}") = "Controllers.Testing", "Controllers.Testing\Controllers.Testing.csproj", "{BA7509E0-2170-4870-B196-A6C8D69FEC94}"
EndProject
Project("{2150E333-8FDC-42A3-9474-1A3956D46DE8}") = "01_Enterprise Business Rules", "01_Enterprise Business Rules", "{6B016EEE-B77F-467A-82AA-88471C5AA937}"
EndProject
Project("{2150E333-8FDC-42A3-9474-1A3956D46DE8}") = "02_Application Business Rules", "02_Application Business Rules", "{223F67BC-0AC9-44BC-A02C-6FC85224439B}"
EndProject
Project("{2150E333-8FDC-42A3-9474-1A3956D46DE8}") = "03_Interface Adapters", "03_Interface Adapters", "{18629011-EA85-4BC3-83A7-EA3C209E7C82}"
EndProject
Project("{2150E333-8FDC-42A3-9474-1A3956D46DE8}") = "04_Frameworks and Drivers", "04_Frameworks and Drivers", "{F878A491-ABAC-4910-BA04-DBBC67435C40}"
EndProject
Project("{2150E333-8FDC-42A3-9474-1A3956D46DE8}") = "Applications", "Applications", "{37C702E0-42F9-494F-9E34-4E47834FA916}"
EndProject
Project("{FAE04EC0-301F-11D3-BF4B-00C04F79EFBC}") = "SpreadsheetToExpressionMap", "Applications\SpreadsheetToExpressionMap\SpreadsheetToExpressionMap.csproj", "{5C9990E7-E538-421D-A774-951ABF650C07}"
EndProject
Global
	GlobalSection(SolutionConfigurationPlatforms) = preSolution
		Debug|Any CPU = Debug|Any CPU
		Release|Any CPU = Release|Any CPU
	EndGlobalSection
	GlobalSection(ProjectConfigurationPlatforms) = postSolution
		{D5273790-603C-493A-B0F2-537060B2B0AD}.Debug|Any CPU.ActiveCfg = Debug|Any CPU
		{D5273790-603C-493A-B0F2-537060B2B0AD}.Debug|Any CPU.Build.0 = Debug|Any CPU
		{D5273790-603C-493A-B0F2-537060B2B0AD}.Release|Any CPU.ActiveCfg = Release|Any CPU
		{D5273790-603C-493A-B0F2-537060B2B0AD}.Release|Any CPU.Build.0 = Release|Any CPU
		{899418AD-7A88-496B-BD4C-984166160962}.Debug|Any CPU.ActiveCfg = Debug|Any CPU
		{899418AD-7A88-496B-BD4C-984166160962}.Debug|Any CPU.Build.0 = Debug|Any CPU
		{899418AD-7A88-496B-BD4C-984166160962}.Release|Any CPU.ActiveCfg = Release|Any CPU
		{899418AD-7A88-496B-BD4C-984166160962}.Release|Any CPU.Build.0 = Release|Any CPU
		{A40DF0FD-D153-47F0-ACFF-19B7D336EDC4}.Debug|Any CPU.ActiveCfg = Debug|Any CPU
		{A40DF0FD-D153-47F0-ACFF-19B7D336EDC4}.Debug|Any CPU.Build.0 = Debug|Any CPU
		{A40DF0FD-D153-47F0-ACFF-19B7D336EDC4}.Release|Any CPU.ActiveCfg = Release|Any CPU
		{A40DF0FD-D153-47F0-ACFF-19B7D336EDC4}.Release|Any CPU.Build.0 = Release|Any CPU
		{8A6A9CFB-B817-4AC9-B224-47EAEB4BBACC}.Debug|Any CPU.ActiveCfg = Debug|Any CPU
		{8A6A9CFB-B817-4AC9-B224-47EAEB4BBACC}.Debug|Any CPU.Build.0 = Debug|Any CPU
		{8A6A9CFB-B817-4AC9-B224-47EAEB4BBACC}.Release|Any CPU.ActiveCfg = Release|Any CPU
		{8A6A9CFB-B817-4AC9-B224-47EAEB4BBACC}.Release|Any CPU.Build.0 = Release|Any CPU
		{3E41BF04-41F7-4828-8745-D2195D083F72}.Debug|Any CPU.ActiveCfg = Debug|Any CPU
		{3E41BF04-41F7-4828-8745-D2195D083F72}.Debug|Any CPU.Build.0 = Debug|Any CPU
		{3E41BF04-41F7-4828-8745-D2195D083F72}.Release|Any CPU.ActiveCfg = Release|Any CPU
		{3E41BF04-41F7-4828-8745-D2195D083F72}.Release|Any CPU.Build.0 = Release|Any CPU
		{137E9FB7-7B59-43A8-A468-642B764A8F0F}.Debug|Any CPU.ActiveCfg = Debug|Any CPU
		{137E9FB7-7B59-43A8-A468-642B764A8F0F}.Debug|Any CPU.Build.0 = Debug|Any CPU
		{137E9FB7-7B59-43A8-A468-642B764A8F0F}.Release|Any CPU.ActiveCfg = Release|Any CPU
		{137E9FB7-7B59-43A8-A468-642B764A8F0F}.Release|Any CPU.Build.0 = Release|Any CPU
		{0BDBC3D9-7516-42CC-81B9-451C135C011E}.Debug|Any CPU.ActiveCfg = Debug|Any CPU
		{0BDBC3D9-7516-42CC-81B9-451C135C011E}.Debug|Any CPU.Build.0 = Debug|Any CPU
		{0BDBC3D9-7516-42CC-81B9-451C135C011E}.Release|Any CPU.ActiveCfg = Release|Any CPU
		{0BDBC3D9-7516-42CC-81B9-451C135C011E}.Release|Any CPU.Build.0 = Release|Any CPU
		{9704DFD1-9E91-48D3-8C37-7F041774D4B1}.Debug|Any CPU.ActiveCfg = Debug|Any CPU
		{9704DFD1-9E91-48D3-8C37-7F041774D4B1}.Debug|Any CPU.Build.0 = Debug|Any CPU
		{9704DFD1-9E91-48D3-8C37-7F041774D4B1}.Release|Any CPU.ActiveCfg = Release|Any CPU
		{9704DFD1-9E91-48D3-8C37-7F041774D4B1}.Release|Any CPU.Build.0 = Release|Any CPU
		{F24FD885-F26D-4289-BCE3-1B6F4580212B}.Debug|Any CPU.ActiveCfg = Debug|Any CPU
		{F24FD885-F26D-4289-BCE3-1B6F4580212B}.Debug|Any CPU.Build.0 = Debug|Any CPU
		{F24FD885-F26D-4289-BCE3-1B6F4580212B}.Release|Any CPU.ActiveCfg = Release|Any CPU
		{F24FD885-F26D-4289-BCE3-1B6F4580212B}.Release|Any CPU.Build.0 = Release|Any CPU
		{4FD1304C-3A26-4E35-BE5F-704F971D7944}.Debug|Any CPU.ActiveCfg = Debug|Any CPU
		{4FD1304C-3A26-4E35-BE5F-704F971D7944}.Debug|Any CPU.Build.0 = Debug|Any CPU
		{4FD1304C-3A26-4E35-BE5F-704F971D7944}.Release|Any CPU.ActiveCfg = Release|Any CPU
		{4FD1304C-3A26-4E35-BE5F-704F971D7944}.Release|Any CPU.Build.0 = Release|Any CPU
		{36AC7BDE-75BF-4966-AA5F-2F56A2281702}.Debug|Any CPU.ActiveCfg = Debug|Any CPU
		{36AC7BDE-75BF-4966-AA5F-2F56A2281702}.Debug|Any CPU.Build.0 = Debug|Any CPU
		{36AC7BDE-75BF-4966-AA5F-2F56A2281702}.Release|Any CPU.ActiveCfg = Release|Any CPU
		{36AC7BDE-75BF-4966-AA5F-2F56A2281702}.Release|Any CPU.Build.0 = Release|Any CPU
		{AA9D1CA0-7567-42A9-812A-393513C428BC}.Debug|Any CPU.ActiveCfg = Debug|Any CPU
		{AA9D1CA0-7567-42A9-812A-393513C428BC}.Debug|Any CPU.Build.0 = Debug|Any CPU
		{AA9D1CA0-7567-42A9-812A-393513C428BC}.Release|Any CPU.ActiveCfg = Release|Any CPU
		{AA9D1CA0-7567-42A9-812A-393513C428BC}.Release|Any CPU.Build.0 = Release|Any CPU
		{BA7509E0-2170-4870-B196-A6C8D69FEC94}.Debug|Any CPU.ActiveCfg = Debug|Any CPU
		{BA7509E0-2170-4870-B196-A6C8D69FEC94}.Debug|Any CPU.Build.0 = Debug|Any CPU
		{BA7509E0-2170-4870-B196-A6C8D69FEC94}.Release|Any CPU.ActiveCfg = Release|Any CPU
		{BA7509E0-2170-4870-B196-A6C8D69FEC94}.Release|Any CPU.Build.0 = Release|Any CPU
		{5C9990E7-E538-421D-A774-951ABF650C07}.Debug|Any CPU.ActiveCfg = Debug|Any CPU
		{5C9990E7-E538-421D-A774-951ABF650C07}.Debug|Any CPU.Build.0 = Debug|Any CPU
		{5C9990E7-E538-421D-A774-951ABF650C07}.Release|Any CPU.ActiveCfg = Release|Any CPU
		{5C9990E7-E538-421D-A774-951ABF650C07}.Release|Any CPU.Build.0 = Release|Any CPU
	EndGlobalSection
	GlobalSection(NestedProjects) = preSolution
		{899418AD-7A88-496B-BD4C-984166160962} = {6B016EEE-B77F-467A-82AA-88471C5AA937}
		{D5273790-603C-493A-B0F2-537060B2B0AD} = {6B016EEE-B77F-467A-82AA-88471C5AA937}
		{A40DF0FD-D153-47F0-ACFF-19B7D336EDC4} = {223F67BC-0AC9-44BC-A02C-6FC85224439B}
		{36AC7BDE-75BF-4966-AA5F-2F56A2281702} = {223F67BC-0AC9-44BC-A02C-6FC85224439B}
		{F24FD885-F26D-4289-BCE3-1B6F4580212B} = {18629011-EA85-4BC3-83A7-EA3C209E7C82}
		{AA9D1CA0-7567-42A9-812A-393513C428BC} = {18629011-EA85-4BC3-83A7-EA3C209E7C82}
		{BA7509E0-2170-4870-B196-A6C8D69FEC94} = {18629011-EA85-4BC3-83A7-EA3C209E7C82}
		{137E9FB7-7B59-43A8-A468-642B764A8F0F} = {18629011-EA85-4BC3-83A7-EA3C209E7C82}
		{9704DFD1-9E91-48D3-8C37-7F041774D4B1} = {18629011-EA85-4BC3-83A7-EA3C209E7C82}
		{8A6A9CFB-B817-4AC9-B224-47EAEB4BBACC} = {18629011-EA85-4BC3-83A7-EA3C209E7C82}
		{3E41BF04-41F7-4828-8745-D2195D083F72} = {18629011-EA85-4BC3-83A7-EA3C209E7C82}
		{0BDBC3D9-7516-42CC-81B9-451C135C011E} = {18629011-EA85-4BC3-83A7-EA3C209E7C82}
		{37C702E0-42F9-494F-9E34-4E47834FA916} = {F878A491-ABAC-4910-BA04-DBBC67435C40}
		{5C9990E7-E538-421D-A774-951ABF650C07} = {37C702E0-42F9-494F-9E34-4E47834FA916}
	EndGlobalSection
EndGlobal
