
Microsoft Visual Studio Solution File, Format Version 12.00
Project("{FAE04EC0-301F-11D3-BF4B-00C04F79EFBC}") = "Entities.Testing", "Entities.Testing\Entities.Testing.csproj", "{D5273790-603C-493A-B0F2-537060B2B0AD}"
EndProject
Project("{FAE04EC0-301F-11D3-BF4B-00C04F79EFBC}") = "Entities", "Entities\Entities.csproj", "{899418AD-7A88-496B-BD4C-984166160962}"
EndProject
Project("{FAE04EC0-301F-11D3-BF4B-00C04F79EFBC}") = "UseCases", "UseCases\UseCases.csproj", "{A40DF0FD-D153-47F0-ACFF-19B7D336EDC4}"
EndProject
Project("{FAE04EC0-301F-11D3-BF4B-00C04F79EFBC}") = "Interactors", "Interactors\Interactors.csproj", "{8A6A9CFB-B817-4AC9-B224-47EAEB4BBACC}"
EndProject
Project("{FAE04EC0-301F-11D3-BF4B-00C04F79EFBC}") = "Gateways", "Gateways\Gateways.csproj", "{137E9FB7-7B59-43A8-A468-642B764A8F0F}"
EndProject
Project("{FAE04EC0-301F-11D3-BF4B-00C04F79EFBC}") = "Presenters", "Presenters\Presenters.csproj", "{0BDBC3D9-7516-42CC-81B9-451C135C011E}"
EndProject
Project("{FAE04EC0-301F-11D3-BF4B-00C04F79EFBC}") = "Utilities", "Utilities\Utilities.csproj", "{4FD1304C-3A26-4E35-BE5F-704F971D7944}"
EndProject
Project("{FAE04EC0-301F-11D3-BF4B-00C04F79EFBC}") = "UseCases.Testing", "UseCases.Testing\UseCases.Testing.csproj", "{36AC7BDE-75BF-4966-AA5F-2F56A2281702}"
EndProject
Project("{FAE04EC0-301F-11D3-BF4B-00C04F79EFBC}") = "Controllers", "Controllers\Controllers.csproj", "{AA9D1CA0-7567-42A9-812A-393513C428BC}"
EndProject
Project("{2150E333-8FDC-42A3-9474-1A3956D46DE8}") = "01_Enterprise Business Rules", "01_Enterprise Business Rules", "{6B016EEE-B77F-467A-82AA-88471C5AA937}"
EndProject
Project("{2150E333-8FDC-42A3-9474-1A3956D46DE8}") = "02_Application Business Rules", "02_Application Business Rules", "{223F67BC-0AC9-44BC-A02C-6FC85224439B}"
EndProject
Project("{2150E333-8FDC-42A3-9474-1A3956D46DE8}") = "03_Interface Adapters", "03_Interface Adapters", "{18629011-EA85-4BC3-83A7-EA3C209E7C82}"
EndProject
Project("{2150E333-8FDC-42A3-9474-1A3956D46DE8}") = "04_Frameworks and Drivers", "04_Frameworks and Drivers", "{F878A491-ABAC-4910-BA04-DBBC67435C40}"
EndProject
Project("{FAE04EC0-301F-11D3-BF4B-00C04F79EFBC}") = "SpreadsheetToExpressionMap", "Applications\SpreadsheetToExpressionMap\SpreadsheetToExpressionMap.csproj", "{5C9990E7-E538-421D-A774-951ABF650C07}"
EndProject
Project("{FAE04EC0-301F-11D3-BF4B-00C04F79EFBC}") = "JsonToExpressionMap", "Applications\JsonToExpressionMap\JsonToExpressionMap.csproj", "{48414402-31A3-466F-B2BB-ABF7E2AE4A8C}"
EndProject
Project("{FAE04EC0-301F-11D3-BF4B-00C04F79EFBC}") = "SpreadsheetToJson", "Applications\SpreadsheetToJson\SpreadsheetToJson.csproj", "{C56B7CA5-E9FF-45D0-89D6-52510C98F2B1}"
EndProject
Project("{FAE04EC0-301F-11D3-BF4B-00C04F79EFBC}") = "ExpressionMapToJson", "Applications\ExpressionMapToJson\ExpressionMapToJson.csproj", "{1CF5261C-8B35-4F10-9DE3-97721E3A6BF0}"
EndProject
Project("{2150E333-8FDC-42A3-9474-1A3956D46DE8}") = "05_Applications", "05_Applications", "{97ECF67D-B5FC-4987-900D-78F65169AECA}"
EndProject
Project("{FAE04EC0-301F-11D3-BF4B-00C04F79EFBC}") = "FileAccessors", "FileAccessors\FileAccessors.csproj", "{D1FAE090-0AE8-46A0-BB3B-E129066260FF}"
EndProject
Project("{FAE04EC0-301F-11D3-BF4B-00C04F79EFBC}") = "ExternalTranslators", "ExternalTranslators\ExternalTranslators.csproj", "{00B67A7D-6591-49E6-9749-598ED9AB23D6}"
EndProject
Project("{FAE04EC0-301F-11D3-BF4B-00C04F79EFBC}") = "JsonToStudioOneKeySwitch", "Applications\JsonToStudioOneKeySwitch\JsonToStudioOneKeySwitch.csproj", "{7B9509E4-968D-43ED-AA69-9F396266E7EB}"
EndProject
Project("{FAE04EC0-301F-11D3-BF4B-00C04F79EFBC}") = "SpreadsheetToStudioOneKeySwitch", "Applications\SpreadsheetToStudioOneKeySwitch\SpreadsheetToStudioOneKeySwitch.csproj", "{7B6495E0-DFF5-4370-AA80-411DD954367F}"
EndProject
Project("{FAE04EC0-301F-11D3-BF4B-00C04F79EFBC}") = "ExpressionMapToStudioOneKeySwitch", "Applications\ExpressionMapToStudioOneKeySwitch\ExpressionMapToStudioOneKeySwitch.csproj", "{83DD2667-9AB6-45EA-B8BD-FA9DC06834A3}"
EndProject
Project("{FAE04EC0-301F-11D3-BF4B-00C04F79EFBC}") = "StudioOneKeySwitchToExpressionMap", "Applications\StudioOneKeySwitchToExpressionMap\StudioOneKeySwitchToExpressionMap.csproj", "{6F92B227-8655-448E-B7AD-146864912E1C}"
EndProject
Project("{FAE04EC0-301F-11D3-BF4B-00C04F79EFBC}") = "ConvertingAppLauncher", "Applications\ConvertingAppLauncher\ConvertingAppLauncher.csproj", "{6361E371-9602-4881-8442-281638A34D49}"
EndProject
Project("{FAE04EC0-301F-11D3-BF4B-00C04F79EFBC}") = "ArticulationUtility.Nuget", "ArticulationUtility.Nuget\ArticulationUtility.Nuget.csproj", "{43051A16-525A-4676-85A3-8B186F186EC3}"
EndProject
Global
	GlobalSection(SolutionConfigurationPlatforms) = preSolution
		Debug|Any CPU = Debug|Any CPU
		Release|Any CPU = Release|Any CPU
	EndGlobalSection
	GlobalSection(ProjectConfigurationPlatforms) = postSolution
		{D5273790-603C-493A-B0F2-537060B2B0AD}.Debug|Any CPU.ActiveCfg = Debug|Any CPU
		{D5273790-603C-493A-B0F2-537060B2B0AD}.Debug|Any CPU.Build.0 = Debug|Any CPU
		{D5273790-603C-493A-B0F2-537060B2B0AD}.Release|Any CPU.ActiveCfg = Release|Any CPU
		{D5273790-603C-493A-B0F2-537060B2B0AD}.Release|Any CPU.Build.0 = Release|Any CPU
		{899418AD-7A88-496B-BD4C-984166160962}.Debug|Any CPU.ActiveCfg = Debug|Any CPU
		{899418AD-7A88-496B-BD4C-984166160962}.Debug|Any CPU.Build.0 = Debug|Any CPU
		{899418AD-7A88-496B-BD4C-984166160962}.Release|Any CPU.ActiveCfg = Release|Any CPU
		{899418AD-7A88-496B-BD4C-984166160962}.Release|Any CPU.Build.0 = Release|Any CPU
		{A40DF0FD-D153-47F0-ACFF-19B7D336EDC4}.Debug|Any CPU.ActiveCfg = Debug|Any CPU
		{A40DF0FD-D153-47F0-ACFF-19B7D336EDC4}.Debug|Any CPU.Build.0 = Debug|Any CPU
		{A40DF0FD-D153-47F0-ACFF-19B7D336EDC4}.Release|Any CPU.ActiveCfg = Release|Any CPU
		{A40DF0FD-D153-47F0-ACFF-19B7D336EDC4}.Release|Any CPU.Build.0 = Release|Any CPU
		{8A6A9CFB-B817-4AC9-B224-47EAEB4BBACC}.Debug|Any CPU.ActiveCfg = Debug|Any CPU
		{8A6A9CFB-B817-4AC9-B224-47EAEB4BBACC}.Debug|Any CPU.Build.0 = Debug|Any CPU
		{8A6A9CFB-B817-4AC9-B224-47EAEB4BBACC}.Release|Any CPU.ActiveCfg = Release|Any CPU
		{8A6A9CFB-B817-4AC9-B224-47EAEB4BBACC}.Release|Any CPU.Build.0 = Release|Any CPU
		{137E9FB7-7B59-43A8-A468-642B764A8F0F}.Debug|Any CPU.ActiveCfg = Debug|Any CPU
		{137E9FB7-7B59-43A8-A468-642B764A8F0F}.Debug|Any CPU.Build.0 = Debug|Any CPU
		{137E9FB7-7B59-43A8-A468-642B764A8F0F}.Release|Any CPU.ActiveCfg = Release|Any CPU
		{137E9FB7-7B59-43A8-A468-642B764A8F0F}.Release|Any CPU.Build.0 = Release|Any CPU
		{0BDBC3D9-7516-42CC-81B9-451C135C011E}.Debug|Any CPU.ActiveCfg = Debug|Any CPU
		{0BDBC3D9-7516-42CC-81B9-451C135C011E}.Debug|Any CPU.Build.0 = Debug|Any CPU
		{0BDBC3D9-7516-42CC-81B9-451C135C011E}.Release|Any CPU.ActiveCfg = Release|Any CPU
		{0BDBC3D9-7516-42CC-81B9-451C135C011E}.Release|Any CPU.Build.0 = Release|Any CPU
		{4FD1304C-3A26-4E35-BE5F-704F971D7944}.Debug|Any CPU.ActiveCfg = Debug|Any CPU
		{4FD1304C-3A26-4E35-BE5F-704F971D7944}.Debug|Any CPU.Build.0 = Debug|Any CPU
		{4FD1304C-3A26-4E35-BE5F-704F971D7944}.Release|Any CPU.ActiveCfg = Release|Any CPU
		{4FD1304C-3A26-4E35-BE5F-704F971D7944}.Release|Any CPU.Build.0 = Release|Any CPU
		{36AC7BDE-75BF-4966-AA5F-2F56A2281702}.Debug|Any CPU.ActiveCfg = Debug|Any CPU
		{36AC7BDE-75BF-4966-AA5F-2F56A2281702}.Debug|Any CPU.Build.0 = Debug|Any CPU
		{36AC7BDE-75BF-4966-AA5F-2F56A2281702}.Release|Any CPU.ActiveCfg = Release|Any CPU
		{36AC7BDE-75BF-4966-AA5F-2F56A2281702}.Release|Any CPU.Build.0 = Release|Any CPU
		{AA9D1CA0-7567-42A9-812A-393513C428BC}.Debug|Any CPU.ActiveCfg = Debug|Any CPU
		{AA9D1CA0-7567-42A9-812A-393513C428BC}.Debug|Any CPU.Build.0 = Debug|Any CPU
		{AA9D1CA0-7567-42A9-812A-393513C428BC}.Release|Any CPU.ActiveCfg = Release|Any CPU
		{AA9D1CA0-7567-42A9-812A-393513C428BC}.Release|Any CPU.Build.0 = Release|Any CPU
		{5C9990E7-E538-421D-A774-951ABF650C07}.Debug|Any CPU.ActiveCfg = Debug|Any CPU
		{5C9990E7-E538-421D-A774-951ABF650C07}.Debug|Any CPU.Build.0 = Debug|Any CPU
		{5C9990E7-E538-421D-A774-951ABF650C07}.Release|Any CPU.ActiveCfg = Release|Any CPU
		{5C9990E7-E538-421D-A774-951ABF650C07}.Release|Any CPU.Build.0 = Release|Any CPU
		{48414402-31A3-466F-B2BB-ABF7E2AE4A8C}.Debug|Any CPU.ActiveCfg = Debug|Any CPU
		{48414402-31A3-466F-B2BB-ABF7E2AE4A8C}.Debug|Any CPU.Build.0 = Debug|Any CPU
		{48414402-31A3-466F-B2BB-ABF7E2AE4A8C}.Release|Any CPU.ActiveCfg = Release|Any CPU
		{48414402-31A3-466F-B2BB-ABF7E2AE4A8C}.Release|Any CPU.Build.0 = Release|Any CPU
		{C56B7CA5-E9FF-45D0-89D6-52510C98F2B1}.Debug|Any CPU.ActiveCfg = Debug|Any CPU
		{C56B7CA5-E9FF-45D0-89D6-52510C98F2B1}.Debug|Any CPU.Build.0 = Debug|Any CPU
		{C56B7CA5-E9FF-45D0-89D6-52510C98F2B1}.Release|Any CPU.ActiveCfg = Release|Any CPU
		{C56B7CA5-E9FF-45D0-89D6-52510C98F2B1}.Release|Any CPU.Build.0 = Release|Any CPU
		{1CF5261C-8B35-4F10-9DE3-97721E3A6BF0}.Debug|Any CPU.ActiveCfg = Debug|Any CPU
		{1CF5261C-8B35-4F10-9DE3-97721E3A6BF0}.Debug|Any CPU.Build.0 = Debug|Any CPU
		{1CF5261C-8B35-4F10-9DE3-97721E3A6BF0}.Release|Any CPU.ActiveCfg = Release|Any CPU
		{1CF5261C-8B35-4F10-9DE3-97721E3A6BF0}.Release|Any CPU.Build.0 = Release|Any CPU
		{D1FAE090-0AE8-46A0-BB3B-E129066260FF}.Debug|Any CPU.ActiveCfg = Debug|Any CPU
		{D1FAE090-0AE8-46A0-BB3B-E129066260FF}.Debug|Any CPU.Build.0 = Debug|Any CPU
		{D1FAE090-0AE8-46A0-BB3B-E129066260FF}.Release|Any CPU.ActiveCfg = Release|Any CPU
		{D1FAE090-0AE8-46A0-BB3B-E129066260FF}.Release|Any CPU.Build.0 = Release|Any CPU
		{00B67A7D-6591-49E6-9749-598ED9AB23D6}.Debug|Any CPU.ActiveCfg = Debug|Any CPU
		{00B67A7D-6591-49E6-9749-598ED9AB23D6}.Debug|Any CPU.Build.0 = Debug|Any CPU
		{00B67A7D-6591-49E6-9749-598ED9AB23D6}.Release|Any CPU.ActiveCfg = Release|Any CPU
		{00B67A7D-6591-49E6-9749-598ED9AB23D6}.Release|Any CPU.Build.0 = Release|Any CPU
		{7B9509E4-968D-43ED-AA69-9F396266E7EB}.Debug|Any CPU.ActiveCfg = Debug|Any CPU
		{7B9509E4-968D-43ED-AA69-9F396266E7EB}.Debug|Any CPU.Build.0 = Debug|Any CPU
		{7B9509E4-968D-43ED-AA69-9F396266E7EB}.Release|Any CPU.ActiveCfg = Release|Any CPU
		{7B9509E4-968D-43ED-AA69-9F396266E7EB}.Release|Any CPU.Build.0 = Release|Any CPU
		{7B6495E0-DFF5-4370-AA80-411DD954367F}.Debug|Any CPU.ActiveCfg = Debug|Any CPU
		{7B6495E0-DFF5-4370-AA80-411DD954367F}.Debug|Any CPU.Build.0 = Debug|Any CPU
		{7B6495E0-DFF5-4370-AA80-411DD954367F}.Release|Any CPU.ActiveCfg = Release|Any CPU
		{7B6495E0-DFF5-4370-AA80-411DD954367F}.Release|Any CPU.Build.0 = Release|Any CPU
		{83DD2667-9AB6-45EA-B8BD-FA9DC06834A3}.Debug|Any CPU.ActiveCfg = Debug|Any CPU
		{83DD2667-9AB6-45EA-B8BD-FA9DC06834A3}.Debug|Any CPU.Build.0 = Debug|Any CPU
		{83DD2667-9AB6-45EA-B8BD-FA9DC06834A3}.Release|Any CPU.ActiveCfg = Release|Any CPU
		{83DD2667-9AB6-45EA-B8BD-FA9DC06834A3}.Release|Any CPU.Build.0 = Release|Any CPU
		{6F92B227-8655-448E-B7AD-146864912E1C}.Debug|Any CPU.ActiveCfg = Debug|Any CPU
		{6F92B227-8655-448E-B7AD-146864912E1C}.Debug|Any CPU.Build.0 = Debug|Any CPU
		{6F92B227-8655-448E-B7AD-146864912E1C}.Release|Any CPU.ActiveCfg = Release|Any CPU
		{6F92B227-8655-448E-B7AD-146864912E1C}.Release|Any CPU.Build.0 = Release|Any CPU
		{6361E371-9602-4881-8442-281638A34D49}.Debug|Any CPU.ActiveCfg = Debug|Any CPU
		{6361E371-9602-4881-8442-281638A34D49}.Debug|Any CPU.Build.0 = Debug|Any CPU
		{6361E371-9602-4881-8442-281638A34D49}.Release|Any CPU.ActiveCfg = Release|Any CPU
		{6361E371-9602-4881-8442-281638A34D49}.Release|Any CPU.Build.0 = Release|Any CPU
		{43051A16-525A-4676-85A3-8B186F186EC3}.Debug|Any CPU.ActiveCfg = Debug|Any CPU
		{43051A16-525A-4676-85A3-8B186F186EC3}.Debug|Any CPU.Build.0 = Debug|Any CPU
		{43051A16-525A-4676-85A3-8B186F186EC3}.Release|Any CPU.ActiveCfg = Release|Any CPU
		{43051A16-525A-4676-85A3-8B186F186EC3}.Release|Any CPU.Build.0 = Release|Any CPU
	EndGlobalSection
	GlobalSection(NestedProjects) = preSolution
		{899418AD-7A88-496B-BD4C-984166160962} = {6B016EEE-B77F-467A-82AA-88471C5AA937}
		{D5273790-603C-493A-B0F2-537060B2B0AD} = {6B016EEE-B77F-467A-82AA-88471C5AA937}
		{A40DF0FD-D153-47F0-ACFF-19B7D336EDC4} = {223F67BC-0AC9-44BC-A02C-6FC85224439B}
		{36AC7BDE-75BF-4966-AA5F-2F56A2281702} = {223F67BC-0AC9-44BC-A02C-6FC85224439B}
		{AA9D1CA0-7567-42A9-812A-393513C428BC} = {18629011-EA85-4BC3-83A7-EA3C209E7C82}
		{137E9FB7-7B59-43A8-A468-642B764A8F0F} = {18629011-EA85-4BC3-83A7-EA3C209E7C82}
		{8A6A9CFB-B817-4AC9-B224-47EAEB4BBACC} = {18629011-EA85-4BC3-83A7-EA3C209E7C82}
		{0BDBC3D9-7516-42CC-81B9-451C135C011E} = {18629011-EA85-4BC3-83A7-EA3C209E7C82}
		{1CF5261C-8B35-4F10-9DE3-97721E3A6BF0} = {97ECF67D-B5FC-4987-900D-78F65169AECA}
		{48414402-31A3-466F-B2BB-ABF7E2AE4A8C} = {97ECF67D-B5FC-4987-900D-78F65169AECA}
		{5C9990E7-E538-421D-A774-951ABF650C07} = {97ECF67D-B5FC-4987-900D-78F65169AECA}
		{C56B7CA5-E9FF-45D0-89D6-52510C98F2B1} = {97ECF67D-B5FC-4987-900D-78F65169AECA}
		{D1FAE090-0AE8-46A0-BB3B-E129066260FF} = {F878A491-ABAC-4910-BA04-DBBC67435C40}
		{00B67A7D-6591-49E6-9749-598ED9AB23D6} = {F878A491-ABAC-4910-BA04-DBBC67435C40}
		{7B9509E4-968D-43ED-AA69-9F396266E7EB} = {97ECF67D-B5FC-4987-900D-78F65169AECA}
		{7B6495E0-DFF5-4370-AA80-411DD954367F} = {97ECF67D-B5FC-4987-900D-78F65169AECA}
		{83DD2667-9AB6-45EA-B8BD-FA9DC06834A3} = {97ECF67D-B5FC-4987-900D-78F65169AECA}
		{6F92B227-8655-448E-B7AD-146864912E1C} = {97ECF67D-B5FC-4987-900D-78F65169AECA}
		{6361E371-9602-4881-8442-281638A34D49} = {97ECF67D-B5FC-4987-900D-78F65169AECA}
	EndGlobalSection
EndGlobal
