
Microsoft Visual Studio Solution File, Format Version 12.00
Project("{FAE04EC0-301F-11D3-BF4B-00C04F79EFBC}") = "Entities.Testing", "Entities.Testing\Entities.Testing.csproj", "{D5273790-603C-493A-B0F2-537060B2B0AD}"
EndProject
Project("{FAE04EC0-301F-11D3-BF4B-00C04F79EFBC}") = "Entities", "Entities\Entities.csproj", "{899418AD-7A88-496B-BD4C-984166160962}"
EndProject
Project("{FAE04EC0-301F-11D3-BF4B-00C04F79EFBC}") = "UseCases", "UseCases\UseCases.csproj", "{A40DF0FD-D153-47F0-ACFF-19B7D336EDC4}"
EndProject
Project("{FAE04EC0-301F-11D3-BF4B-00C04F79EFBC}") = "External", "External\External.csproj", "{6C6BC19E-4501-4FC0-8DCB-C16E1846AE5B}"
EndProject
Project("{FAE04EC0-301F-11D3-BF4B-00C04F79EFBC}") = "Interactors", "Interactors\Interactors.csproj", "{8A6A9CFB-B817-4AC9-B224-47EAEB4BBACC}"
EndProject
Project("{FAE04EC0-301F-11D3-BF4B-00C04F79EFBC}") = "Interactors.Testing", "Interactors.Testing\Interactors.Testing.csproj", "{3E41BF04-41F7-4828-8745-D2195D083F72}"
EndProject
Project("{FAE04EC0-301F-11D3-BF4B-00C04F79EFBC}") = "External.Testing", "External.Testing\External.Testing.csproj", "{135CDFE3-6DDA-4BE6-AD03-33C06D6D2673}"
EndProject
Project("{FAE04EC0-301F-11D3-BF4B-00C04F79EFBC}") = "Gateways", "Gateways\Gateways.csproj", "{137E9FB7-7B59-43A8-A468-642B764A8F0F}"
EndProject
Project("{FAE04EC0-301F-11D3-BF4B-00C04F79EFBC}") = "Presenters", "Presenters\Presenters.csproj", "{0BDBC3D9-7516-42CC-81B9-451C135C011E}"
EndProject
Project("{FAE04EC0-301F-11D3-BF4B-00C04F79EFBC}") = "Gateways.Testing", "Gateways.Testing\Gateways.Testing.csproj", "{9704DFD1-9E91-48D3-8C37-7F041774D4B1}"
EndProject
Project("{FAE04EC0-301F-11D3-BF4B-00C04F79EFBC}") = "Adapters", "Adapters\Adapters.csproj", "{F24FD885-F26D-4289-BCE3-1B6F4580212B}"
EndProject
Project("{FAE04EC0-301F-11D3-BF4B-00C04F79EFBC}") = "Adapters.Testing", "Adapters.Testing\Adapters.Testing.csproj", "{ED341339-2B00-41F1-A2AB-70B659C2D54B}"
EndProject
Global
	GlobalSection(SolutionConfigurationPlatforms) = preSolution
		Debug|Any CPU = Debug|Any CPU
		Release|Any CPU = Release|Any CPU
	EndGlobalSection
	GlobalSection(ProjectConfigurationPlatforms) = postSolution
		{D5273790-603C-493A-B0F2-537060B2B0AD}.Debug|Any CPU.ActiveCfg = Debug|Any CPU
		{D5273790-603C-493A-B0F2-537060B2B0AD}.Debug|Any CPU.Build.0 = Debug|Any CPU
		{D5273790-603C-493A-B0F2-537060B2B0AD}.Release|Any CPU.ActiveCfg = Release|Any CPU
		{D5273790-603C-493A-B0F2-537060B2B0AD}.Release|Any CPU.Build.0 = Release|Any CPU
		{899418AD-7A88-496B-BD4C-984166160962}.Debug|Any CPU.ActiveCfg = Debug|Any CPU
		{899418AD-7A88-496B-BD4C-984166160962}.Debug|Any CPU.Build.0 = Debug|Any CPU
		{899418AD-7A88-496B-BD4C-984166160962}.Release|Any CPU.ActiveCfg = Release|Any CPU
		{899418AD-7A88-496B-BD4C-984166160962}.Release|Any CPU.Build.0 = Release|Any CPU
		{A40DF0FD-D153-47F0-ACFF-19B7D336EDC4}.Debug|Any CPU.ActiveCfg = Debug|Any CPU
		{A40DF0FD-D153-47F0-ACFF-19B7D336EDC4}.Debug|Any CPU.Build.0 = Debug|Any CPU
		{A40DF0FD-D153-47F0-ACFF-19B7D336EDC4}.Release|Any CPU.ActiveCfg = Release|Any CPU
		{A40DF0FD-D153-47F0-ACFF-19B7D336EDC4}.Release|Any CPU.Build.0 = Release|Any CPU
		{6C6BC19E-4501-4FC0-8DCB-C16E1846AE5B}.Debug|Any CPU.ActiveCfg = Debug|Any CPU
		{6C6BC19E-4501-4FC0-8DCB-C16E1846AE5B}.Debug|Any CPU.Build.0 = Debug|Any CPU
		{6C6BC19E-4501-4FC0-8DCB-C16E1846AE5B}.Release|Any CPU.ActiveCfg = Release|Any CPU
		{6C6BC19E-4501-4FC0-8DCB-C16E1846AE5B}.Release|Any CPU.Build.0 = Release|Any CPU
		{8A6A9CFB-B817-4AC9-B224-47EAEB4BBACC}.Debug|Any CPU.ActiveCfg = Debug|Any CPU
		{8A6A9CFB-B817-4AC9-B224-47EAEB4BBACC}.Debug|Any CPU.Build.0 = Debug|Any CPU
		{8A6A9CFB-B817-4AC9-B224-47EAEB4BBACC}.Release|Any CPU.ActiveCfg = Release|Any CPU
		{8A6A9CFB-B817-4AC9-B224-47EAEB4BBACC}.Release|Any CPU.Build.0 = Release|Any CPU
		{3E41BF04-41F7-4828-8745-D2195D083F72}.Debug|Any CPU.ActiveCfg = Debug|Any CPU
		{3E41BF04-41F7-4828-8745-D2195D083F72}.Debug|Any CPU.Build.0 = Debug|Any CPU
		{3E41BF04-41F7-4828-8745-D2195D083F72}.Release|Any CPU.ActiveCfg = Release|Any CPU
		{3E41BF04-41F7-4828-8745-D2195D083F72}.Release|Any CPU.Build.0 = Release|Any CPU
		{135CDFE3-6DDA-4BE6-AD03-33C06D6D2673}.Debug|Any CPU.ActiveCfg = Debug|Any CPU
		{135CDFE3-6DDA-4BE6-AD03-33C06D6D2673}.Debug|Any CPU.Build.0 = Debug|Any CPU
		{135CDFE3-6DDA-4BE6-AD03-33C06D6D2673}.Release|Any CPU.ActiveCfg = Release|Any CPU
		{135CDFE3-6DDA-4BE6-AD03-33C06D6D2673}.Release|Any CPU.Build.0 = Release|Any CPU
		{137E9FB7-7B59-43A8-A468-642B764A8F0F}.Debug|Any CPU.ActiveCfg = Debug|Any CPU
		{137E9FB7-7B59-43A8-A468-642B764A8F0F}.Debug|Any CPU.Build.0 = Debug|Any CPU
		{137E9FB7-7B59-43A8-A468-642B764A8F0F}.Release|Any CPU.ActiveCfg = Release|Any CPU
		{137E9FB7-7B59-43A8-A468-642B764A8F0F}.Release|Any CPU.Build.0 = Release|Any CPU
		{0BDBC3D9-7516-42CC-81B9-451C135C011E}.Debug|Any CPU.ActiveCfg = Debug|Any CPU
		{0BDBC3D9-7516-42CC-81B9-451C135C011E}.Debug|Any CPU.Build.0 = Debug|Any CPU
		{0BDBC3D9-7516-42CC-81B9-451C135C011E}.Release|Any CPU.ActiveCfg = Release|Any CPU
		{0BDBC3D9-7516-42CC-81B9-451C135C011E}.Release|Any CPU.Build.0 = Release|Any CPU
		{9704DFD1-9E91-48D3-8C37-7F041774D4B1}.Debug|Any CPU.ActiveCfg = Debug|Any CPU
		{9704DFD1-9E91-48D3-8C37-7F041774D4B1}.Debug|Any CPU.Build.0 = Debug|Any CPU
		{9704DFD1-9E91-48D3-8C37-7F041774D4B1}.Release|Any CPU.ActiveCfg = Release|Any CPU
		{9704DFD1-9E91-48D3-8C37-7F041774D4B1}.Release|Any CPU.Build.0 = Release|Any CPU
		{F24FD885-F26D-4289-BCE3-1B6F4580212B}.Debug|Any CPU.ActiveCfg = Debug|Any CPU
		{F24FD885-F26D-4289-BCE3-1B6F4580212B}.Debug|Any CPU.Build.0 = Debug|Any CPU
		{F24FD885-F26D-4289-BCE3-1B6F4580212B}.Release|Any CPU.ActiveCfg = Release|Any CPU
		{F24FD885-F26D-4289-BCE3-1B6F4580212B}.Release|Any CPU.Build.0 = Release|Any CPU
		{ED341339-2B00-41F1-A2AB-70B659C2D54B}.Debug|Any CPU.ActiveCfg = Debug|Any CPU
		{ED341339-2B00-41F1-A2AB-70B659C2D54B}.Debug|Any CPU.Build.0 = Debug|Any CPU
		{ED341339-2B00-41F1-A2AB-70B659C2D54B}.Release|Any CPU.ActiveCfg = Release|Any CPU
		{ED341339-2B00-41F1-A2AB-70B659C2D54B}.Release|Any CPU.Build.0 = Release|Any CPU
	EndGlobalSection
EndGlobal
