
Microsoft Visual Studio Solution File, Format Version 12.00
Project("{FAE04EC0-301F-11D3-BF4B-00C04F79EFBC}") = "Domain.Testing", "Domain.Testing\Domain.Testing.csproj", "{D5273790-603C-493A-B0F2-537060B2B0AD}"
EndProject
Project("{FAE04EC0-301F-11D3-BF4B-00C04F79EFBC}") = "Domain", "Domain\Domain.csproj", "{899418AD-7A88-496B-BD4C-984166160962}"
EndProject
Project("{FAE04EC0-301F-11D3-BF4B-00C04F79EFBC}") = "UseCases", "UseCases\UseCases.csproj", "{A40DF0FD-D153-47F0-ACFF-19B7D336EDC4}"
EndProject
Project("{FAE04EC0-301F-11D3-BF4B-00C04F79EFBC}") = "Frameworks", "Frameworks\Frameworks.csproj", "{6C6BC19E-4501-4FC0-8DCB-C16E1846AE5B}"
EndProject
Project("{FAE04EC0-301F-11D3-BF4B-00C04F79EFBC}") = "Adapters", "Adapters\Adapters.csproj", "{F2C6A4C2-9501-4545-B62C-C7B2FC40FFAD}"
EndProject
Global
	GlobalSection(SolutionConfigurationPlatforms) = preSolution
		Debug|Any CPU = Debug|Any CPU
		Release|Any CPU = Release|Any CPU
	EndGlobalSection
	GlobalSection(ProjectConfigurationPlatforms) = postSolution
		{D5273790-603C-493A-B0F2-537060B2B0AD}.Debug|Any CPU.ActiveCfg = Debug|Any CPU
		{D5273790-603C-493A-B0F2-537060B2B0AD}.Debug|Any CPU.Build.0 = Debug|Any CPU
		{D5273790-603C-493A-B0F2-537060B2B0AD}.Release|Any CPU.ActiveCfg = Release|Any CPU
		{D5273790-603C-493A-B0F2-537060B2B0AD}.Release|Any CPU.Build.0 = Release|Any CPU
		{899418AD-7A88-496B-BD4C-984166160962}.Debug|Any CPU.ActiveCfg = Debug|Any CPU
		{899418AD-7A88-496B-BD4C-984166160962}.Debug|Any CPU.Build.0 = Debug|Any CPU
		{899418AD-7A88-496B-BD4C-984166160962}.Release|Any CPU.ActiveCfg = Release|Any CPU
		{899418AD-7A88-496B-BD4C-984166160962}.Release|Any CPU.Build.0 = Release|Any CPU
		{A40DF0FD-D153-47F0-ACFF-19B7D336EDC4}.Debug|Any CPU.ActiveCfg = Debug|Any CPU
		{A40DF0FD-D153-47F0-ACFF-19B7D336EDC4}.Debug|Any CPU.Build.0 = Debug|Any CPU
		{A40DF0FD-D153-47F0-ACFF-19B7D336EDC4}.Release|Any CPU.ActiveCfg = Release|Any CPU
		{A40DF0FD-D153-47F0-ACFF-19B7D336EDC4}.Release|Any CPU.Build.0 = Release|Any CPU
		{6C6BC19E-4501-4FC0-8DCB-C16E1846AE5B}.Debug|Any CPU.ActiveCfg = Debug|Any CPU
		{6C6BC19E-4501-4FC0-8DCB-C16E1846AE5B}.Debug|Any CPU.Build.0 = Debug|Any CPU
		{6C6BC19E-4501-4FC0-8DCB-C16E1846AE5B}.Release|Any CPU.ActiveCfg = Release|Any CPU
		{6C6BC19E-4501-4FC0-8DCB-C16E1846AE5B}.Release|Any CPU.Build.0 = Release|Any CPU
		{F2C6A4C2-9501-4545-B62C-C7B2FC40FFAD}.Debug|Any CPU.ActiveCfg = Debug|Any CPU
		{F2C6A4C2-9501-4545-B62C-C7B2FC40FFAD}.Debug|Any CPU.Build.0 = Debug|Any CPU
		{F2C6A4C2-9501-4545-B62C-C7B2FC40FFAD}.Release|Any CPU.ActiveCfg = Release|Any CPU
		{F2C6A4C2-9501-4545-B62C-C7B2FC40FFAD}.Release|Any CPU.Build.0 = Release|Any CPU
	EndGlobalSection
EndGlobal
